# THIS IS AN AUTOGENERATED FILE. DO NOT EDIT THIS FILE DIRECTLY.
# yarn lockfile v1


"@types/node@^10.12.10":
  version "10.12.10"
  resolved "https://registry.yarnpkg.com/@types/node/-/node-10.12.10.tgz#4fa76e6598b7de3f0cb6ec3abacc4f59e5b3a2ce"
  integrity sha512-8xZEYckCbUVgK8Eg7lf5Iy4COKJ5uXlnIOnePN0WUwSQggy9tolM+tDJf7wMOnT/JT/W9xDYIaYggt3mRV2O5w==

monocle-ts@^2.0.0:
  version "2.0.0"
  resolved "https://registry.yarnpkg.com/monocle-ts/-/monocle-ts-2.0.0.tgz#f695dbfb5b017846d95f0c377bd4c8acb10f7e02"
  integrity sha512-vPM02WypUz0Xo2MtLUPgvdelCRn70VT05pdAB7qmHJSNY4CAoQt3ClpH77AG3yZk7PY8CA6++ezHcENUDOiuEA==

pipe-ts@^0.0.8:
  version "0.0.8"
  resolved "https://registry.yarnpkg.com/pipe-ts/-/pipe-ts-0.0.8.tgz#ceea3f69549b09f0678d644cf2f849a2f6526568"
  integrity sha512-8c8/ZwMJGwkL0aTW064KhH+xsKM5Zj0T3mfTq+O8re4lVnCyJ0o3BmY8QqO6DS3B6t5Uiluj7wM+btC+oTdKpg==

prettier@^1.15.3:
  version "1.15.3"
  resolved "https://registry.yarnpkg.com/prettier/-/prettier-1.15.3.tgz#1feaac5bdd181237b54dbe65d874e02a1472786a"
  integrity sha512-gAU9AGAPMaKb3NNSUUuhhFAS7SCO4ALTN4nRIn6PJ075Qd28Yn2Ig2ahEJWdJwJmlEBTUfC7mMUSFy8MwsOCfg==

typescript@^3.2.1:
  version "3.2.1"
  resolved "https://registry.yarnpkg.com/typescript/-/typescript-3.2.1.tgz#0b7a04b8cf3868188de914d9568bd030f0c56192"
  integrity sha512-jw7P2z/h6aPT4AENXDGjcfHTu5CSqzsbZc6YlUIebTyBAq8XaKp78x7VcSh30xwSCcsu5irZkYZUSFP1MrAMbg==
