# THIS IS AN AUTOGENERATED FILE. DO NOT EDIT THIS FILE DIRECTLY.
# yarn lockfile v1


"@types/node@^12.12.16":
  version "12.12.16"
  resolved "https://registry.yarnpkg.com/@types/node/-/node-12.12.16.tgz#3ebcbd7bf978fa4c5120fee8be57083271a8b3ac"
  integrity sha512-vRuMyoOr5yfNf8QWxXegOjeyjpWJxFePzHzmBOIzDIzo+rSqF94RW0PkS6y4T2+VjAWLXHWrfbIJY3E3aS7lUw==

pipe-ts@^0.0.8:
  version "0.0.8"
  resolved "https://registry.yarnpkg.com/pipe-ts/-/pipe-ts-0.0.8.tgz#ceea3f69549b09f0678d644cf2f849a2f6526568"
  integrity sha512-8c8/ZwMJGwkL0aTW064KhH+xsKM5Zj0T3mfTq+O8re4lVnCyJ0o3BmY8QqO6DS3B6t5Uiluj7wM+btC+oTdKpg==

prettier@^1.15.3:
  version "1.15.3"
  resolved "https://registry.yarnpkg.com/prettier/-/prettier-1.15.3.tgz#1feaac5bdd181237b54dbe65d874e02a1472786a"
  integrity sha512-gAU9AGAPMaKb3NNSUUuhhFAS7SCO4ALTN4nRIn6PJ075Qd28Yn2Ig2ahEJWdJwJmlEBTUfC7mMUSFy8MwsOCfg==

typescript@^3.2.1:
  version "3.2.1"
  resolved "https://registry.yarnpkg.com/typescript/-/typescript-3.2.1.tgz#0b7a04b8cf3868188de914d9568bd030f0c56192"
  integrity sha512-jw7P2z/h6aPT4AENXDGjcfHTu5CSqzsbZc6YlUIebTyBAq8XaKp78x7VcSh30xwSCcsu5irZkYZUSFP1MrAMbg==
